# THIS IS AN AUTOGENERATED FILE. DO NOT EDIT THIS FILE DIRECTLY.
# yarn lockfile v1


"@babel/runtime@^7.9.2":
  version "7.9.6"
  resolved "https://registry.yarnpkg.com/@babel/runtime/-/runtime-7.9.6.tgz#a9102eb5cadedf3f31d08a9ecf294af7827ea29f"
  integrity sha512-64AF1xY3OAkFHqOb9s4jpgk1Mm5vDZ4L3acHvAml+53nO1XbXLuDodsVpO4OIUsmemlUHMxNdYMNJmsvOwLrvQ==
  dependencies:
    regenerator-runtime "^0.13.4"

react-final-form@^6.4.0:
  version "6.4.0"
  resolved "https://registry.yarnpkg.com/react-final-form/-/react-final-form-6.4.0.tgz#7f9064c10a8bee6a02cd3e9b8aff06fa07f9c908"
  integrity sha512-M7J7f0pnoj0o8sBq3iG6jsWJEh08pNUyl2D4wBC9SJvCNkGdol2UdyjMiEFYD3rz9LIFzQqFSG0kbRBCadqzhA==
  dependencies:
    "@babel/runtime" "^7.9.2"
    ts-essentials "^6.0.3"

regenerator-runtime@^0.13.4:
  version "0.13.5"
  resolved "https://registry.yarnpkg.com/regenerator-runtime/-/regenerator-runtime-0.13.5.tgz#d878a1d094b4306d10b9096484b33ebd55e26697"
  integrity sha512-ZS5w8CpKFinUzOwW3c83oPeVXoNsrLsaCoLtJvAClH135j/R77RuymhiSErhm2lKcwSCIpmvIWSbDkIfAqKQlA==

ts-essentials@^6.0.3:
  version "6.0.5"
  resolved "https://registry.yarnpkg.com/ts-essentials/-/ts-essentials-6.0.5.tgz#dd5b98f73bd56dc94d15dfbc0fbf01da3163eb42"
  integrity sha512-RSAKlpu+E0DCGY8FsbG92EveRLw2Y+UgK3ksX01w1VaHeG01dKkYo/KtAV4q0qPT6nPbLfyerb2YPVSediP+8g==
